
Microsoft Visual Studio Solution File, Format Version 12.00
# Visual Studio Version 17
VisualStudioVersion = 17.13.36105.23
MinimumVisualStudioVersion = 10.0.40219.1
Project("{FC65038C-1B2F-41E1-A629-BED71D161FFF}") = "AxxDocEInvoiceWSParameters (CUS) [DevAxRefreshData]", "AxxDocEInvoiceWSParameters\AxxDocEInvoiceWSParameters.rnrproj", "{A7FFB855-2B93-4712-8E2B-BAB1BC451E56}"
EndProject
Project("{FC65038C-1B2F-41E1-A629-BED71D161FFF}") = "DevAxRefreshData (CUS) [DevAxRefreshData]", "DevAxRefreshData\DevAxRefreshData.rnrproj", "{2344C6AD-DC30-40EF-813C-1E3F6F024C42}"
EndProject
Project("{FC65038C-1B2F-41E1-A629-BED71D161FFF}") = "DevAxRefreshDataUsers (CUS) [DevAxRefreshData]", "DevAxRefreshDataUsers\DevAxRefreshDataUsers.rnrproj", "{484988CD-76F0-444C-A7CB-6F82B1E3382B}"
EndProject
Project("{FC65038C-1B2F-41E1-A629-BED71D161FFF}") = "DevAxRefreshDataRetailButtons (CUS) [DevAxRefreshData]", "DevAxRefreshDataRetailButtons\DevAxRefreshDataRetailButtons.rnrproj", "{C0712372-E865-41C1-903B-4F9F7838E68F}"
EndProject
Global
	GlobalSection(SolutionConfigurationPlatforms) = preSolution
		Debug|Any CPU = Debug|Any CPU
	EndGlobalSection
	GlobalSection(ProjectConfigurationPlatforms) = postSolution
		{A7FFB855-2B93-4712-8E2B-BAB1BC451E56}.Debug|Any CPU.ActiveCfg = Debug|Any CPU
		{A7FFB855-2B93-4712-8E2B-BAB1BC451E56}.Debug|Any CPU.Build.0 = Debug|Any CPU
		{2344C6AD-DC30-40EF-813C-1E3F6F024C42}.Debug|Any CPU.ActiveCfg = Debug|Any CPU
		{2344C6AD-DC30-40EF-813C-1E3F6F024C42}.Debug|Any CPU.Build.0 = Debug|Any CPU
		{484988CD-76F0-444C-A7CB-6F82B1E3382B}.Debug|Any CPU.ActiveCfg = Debug|Any CPU
		{484988CD-76F0-444C-A7CB-6F82B1E3382B}.Debug|Any CPU.Build.0 = Debug|Any CPU
		{C0712372-E865-41C1-903B-4F9F7838E68F}.Debug|Any CPU.ActiveCfg = Debug|Any CPU
		{C0712372-E865-41C1-903B-4F9F7838E68F}.Debug|Any CPU.Build.0 = Debug|Any CPU
	EndGlobalSection
	GlobalSection(SolutionProperties) = preSolution
		HideSolutionNode = FALSE
	EndGlobalSection
	GlobalSection(ExtensibilityGlobals) = postSolution
		SolutionGuid = {CCE1A04C-BD85-452B-B6CF-F1337ED068C0}
	EndGlobalSection
EndGlobal
